
Microsoft Visual Studio Solution File, Format Version 12.00
# Visual Studio Version 16
VisualStudioVersion = 16.0.29306.81
MinimumVisualStudioVersion = 10.0.40219.1
Project("{FAE04EC0-301F-11D3-BF4B-00C04F79EFBC}") = "System Share", "System Share\System Share.csproj", "{4A33097C-37D8-465D-869F-B6207EF938FD}"
EndProject
Global
	GlobalSection(SolutionConfigurationPlatforms) = preSolution
		Debug|Any CPU = Debug|Any CPU
		Release|Any CPU = Release|Any CPU
	EndGlobalSection
	GlobalSection(ProjectConfigurationPlatforms) = postSolution
		{4A33097C-37D8-465D-869F-B6207EF938FD}.Debug|Any CPU.ActiveCfg = Debug|Any CPU
		{4A33097C-37D8-465D-869F-B6207EF938FD}.Debug|Any CPU.Build.0 = Debug|Any CPU
		{4A33097C-37D8-465D-869F-B6207EF938FD}.Release|Any CPU.ActiveCfg = Release|Any CPU
		{4A33097C-37D8-465D-869F-B6207EF938FD}.Release|Any CPU.Build.0 = Release|Any CPU
	EndGlobalSection
	GlobalSection(SolutionProperties) = preSolution
		HideSolutionNode = FALSE
	EndGlobalSection
	GlobalSection(ExtensibilityGlobals) = postSolution
		SolutionGuid = {F37D7D25-4FED-47C2-B3AB-E54242020206}
	EndGlobalSection
EndGlobal
